
Microsoft Visual Studio Solution File, Format Version 12.00
# Visual Studio 2013
VisualStudioVersion = 12.0.31101.0
MinimumVisualStudioVersion = 10.0.40219.1
Project("{8BC9CEB8-8B4A-11D0-8D11-00A0C91BC942}") = "SimpleServ", "SimpleServ\SimpleServ.vcxproj", "{049B63A6-8FB2-47B4-A8C8-1C363840FF5A}"
EndProject
Project("{8BC9CEB8-8B4A-11D0-8D11-00A0C91BC942}") = "SimpleServ.Tests", "SimpleServ.Tests\SimpleServ.Tests.vcxproj", "{B78D924C-DBE7-4FAA-9388-1FBA3EE7597E}"
EndProject
Global
	GlobalSection(SolutionConfigurationPlatforms) = preSolution
		Debug|Win32 = Debug|Win32
		Release|Win32 = Release|Win32
	EndGlobalSection
	GlobalSection(ProjectConfigurationPlatforms) = postSolution
		{049B63A6-8FB2-47B4-A8C8-1C363840FF5A}.Debug|Win32.ActiveCfg = Debug|Win32
		{049B63A6-8FB2-47B4-A8C8-1C363840FF5A}.Debug|Win32.Build.0 = Debug|Win32
		{049B63A6-8FB2-47B4-A8C8-1C363840FF5A}.Release|Win32.ActiveCfg = Release|Win32
		{049B63A6-8FB2-47B4-A8C8-1C363840FF5A}.Release|Win32.Build.0 = Release|Win32
		{B78D924C-DBE7-4FAA-9388-1FBA3EE7597E}.Debug|Win32.ActiveCfg = Debug|Win32
		{B78D924C-DBE7-4FAA-9388-1FBA3EE7597E}.Debug|Win32.Build.0 = Debug|Win32
		{B78D924C-DBE7-4FAA-9388-1FBA3EE7597E}.Release|Win32.ActiveCfg = Release|Win32
		{B78D924C-DBE7-4FAA-9388-1FBA3EE7597E}.Release|Win32.Build.0 = Release|Win32
	EndGlobalSection
	GlobalSection(SolutionProperties) = preSolution
		HideSolutionNode = FALSE
	EndGlobalSection
EndGlobal
